
Microsoft Visual Studio Solution File, Format Version 12.00
# Visual Studio 15
VisualStudioVersion = 15.0.27130.2036
MinimumVisualStudioVersion = 10.0.40219.1
Project("{9A19103F-16F7-4668-BE54-9A1E7A4F7556}") = "VueProjectWeb", "VueProjectWeb\VueProjectWeb.csproj", "{36648257-153B-41AF-9BD2-AF26FB5491B5}"
EndProject
Global
	GlobalSection(SolutionConfigurationPlatforms) = preSolution
		Debug|Any CPU = Debug|Any CPU
		Release|Any CPU = Release|Any CPU
	EndGlobalSection
	GlobalSection(ProjectConfigurationPlatforms) = postSolution
		{36648257-153B-41AF-9BD2-AF26FB5491B5}.Debug|Any CPU.ActiveCfg = Debug|Any CPU
		{36648257-153B-41AF-9BD2-AF26FB5491B5}.Debug|Any CPU.Build.0 = Debug|Any CPU
		{36648257-153B-41AF-9BD2-AF26FB5491B5}.Release|Any CPU.ActiveCfg = Release|Any CPU
		{36648257-153B-41AF-9BD2-AF26FB5491B5}.Release|Any CPU.Build.0 = Release|Any CPU
	EndGlobalSection
	GlobalSection(SolutionProperties) = preSolution
		HideSolutionNode = FALSE
	EndGlobalSection
	GlobalSection(ExtensibilityGlobals) = postSolution
		SolutionGuid = {6A2690BA-EE52-428C-9922-A5C760C8BA3F}
	EndGlobalSection
EndGlobal
